
Microsoft Visual Studio Solution File, Format Version 12.00
# Visual Studio Version 17
VisualStudioVersion = 17.7.34031.279
MinimumVisualStudioVersion = 10.0.40219.1
Project("{FAE04EC0-301F-11D3-BF4B-00C04F79EFBC}") = "TestCodigo", "TestCodigo\TestCodigo.csproj", "{5F7CAF0D-DF24-4991-8335-6C02A95DB1A6}"
EndProject
Global
	GlobalSection(SolutionConfigurationPlatforms) = preSolution
		Debug|Any CPU = Debug|Any CPU
		Release|Any CPU = Release|Any CPU
	EndGlobalSection
	GlobalSection(ProjectConfigurationPlatforms) = postSolution
		{5F7CAF0D-DF24-4991-8335-6C02A95DB1A6}.Debug|Any CPU.ActiveCfg = Debug|Any CPU
		{5F7CAF0D-DF24-4991-8335-6C02A95DB1A6}.Debug|Any CPU.Build.0 = Debug|Any CPU
		{5F7CAF0D-DF24-4991-8335-6C02A95DB1A6}.Release|Any CPU.ActiveCfg = Release|Any CPU
		{5F7CAF0D-DF24-4991-8335-6C02A95DB1A6}.Release|Any CPU.Build.0 = Release|Any CPU
	EndGlobalSection
	GlobalSection(SolutionProperties) = preSolution
		HideSolutionNode = FALSE
	EndGlobalSection
	GlobalSection(ExtensibilityGlobals) = postSolution
		SolutionGuid = {64493E1A-A356-48F2-A43B-E4CBD973DD6D}
	EndGlobalSection
EndGlobal
